{
  "lockfile_version": "1",
  "packages": {
    "github:NixOS/nixpkgs/nixpkgs-unstable": {
      "last_modified": "2025-10-31T03:13:32Z",
      "resolved": "github:NixOS/nixpkgs/a7fc11be66bdfb5cdde611ee5ce381c183da8386?lastModified=1761880412&narHash=sha256-QoJjGd4NstnyOG4mm4KXF%2BweBzA2AH%2F7gn1Pmpfcb0A%3D"
    },
    "go@1.21.1": {
      "last_modified": "2024-09-10T15:01:03Z",
      "resolved": "github:NixOS/nixpkgs/5ed627539ac84809c78b2dd6d26a5cebeb5ae269#go_1_21",
      "source": "devbox-search",
      "version": "1.21.13",
      "systems": {
        "aarch64-darwin": {
          "outputs": [
            {
              "name": "out",
              "path": "/nix/store/59bymri4pr8mq5zh678smrf381i3fmy2-go-1.21.13",
              "default": true
            }
          ],
          "store_path": "/nix/store/59bymri4pr8mq5zh678smrf381i3fmy2-go-1.21.13"
        },
        "aarch64-linux": {
          "outputs": [
            {
              "name": "out",
              "path": "/nix/store/7dqbqicx8szqnyzag6l41gwbjmh1xdk0-go-1.21.13",
              "default": true
            }
          ],
          "store_path": "/nix/store/7dqbqicx8szqnyzag6l41gwbjmh1xdk0-go-1.21.13"
        },
        "x86_64-darwin": {
          "outputs": [
            {
              "name": "out",
              "path": "/nix/store/ws9bs446vgwmxchqnpjp9503x420iz75-go-1.21.13",
              "default": true
            }
          ],
          "store_path": "/nix/store/ws9bs446vgwmxchqnpjp9503x420iz75-go-1.21.13"
        },
        "x86_64-linux": {
          "outputs": [
            {
              "name": "out",
              "path": "/nix/store/yij3vkkjv7ghn055v0rqhbjzyh0dy4nq-go-1.21.13",
              "default": true
            }
          ],
          "store_path": "/nix/store/yij3vkkjv7ghn055v0rqhbjzyh0dy4nq-go-1.21.13"
        }
      }
    },
    "sqlc@1.30.0": {
      "last_modified": "2025-10-22T20:59:19Z",
      "resolved": "github:NixOS/nixpkgs/01b6809f7f9d1183a2b3e081f0a1e6f8f415cb09#sqlc",
      "source": "devbox-search",
      "version": "1.30.0",
      "systems": {
        "aarch64-darwin": {
          "outputs": [
            {
              "name": "out",
              "path": "/nix/store/mr94845m3i67f86k6jf2dlsk6xbkn2p8-sqlc-1.30.0",
              "default": true
            }
          ],
          "store_path": "/nix/store/mr94845m3i67f86k6jf2dlsk6xbkn2p8-sqlc-1.30.0"
        },
        "aarch64-linux": {
          "outputs": [
            {
              "name": "out",
              "path": "/nix/store/88rb5r8nigkjdnmrb0z6v4xrqi03qil9-sqlc-1.30.0",
              "default": true
            }
          ],
          "store_path": "/nix/store/88rb5r8nigkjdnmrb0z6v4xrqi03qil9-sqlc-1.30.0"
        },
        "x86_64-darwin": {
          "outputs": [
            {
              "name": "out",
              "path": "/nix/store/cv1pr2f0j3r7hzm8y87n0nzndbr7kaii-sqlc-1.30.0",
              "default": true
            }
          ],
          "store_path": "/nix/store/cv1pr2f0j3r7hzm8y87n0nzndbr7kaii-sqlc-1.30.0"
        },
        "x86_64-linux": {
          "outputs": [
            {
              "name": "out",
              "path": "/nix/store/abanrd679cbcflky1598k2gx4b8m1pcg-sqlc-1.30.0",
              "default": true
            }
          ],
          "store_path": "/nix/store/abanrd679cbcflky1598k2gx4b8m1pcg-sqlc-1.30.0"
        }
      }
    }
  }
}
