{
  "lockfile_version": "1",
  "packages": {
    "github:NixOS/nixpkgs/nixpkgs-unstable": {
      "last_modified": "2025-10-31T03:13:32Z",
      "resolved": "github:NixOS/nixpkgs/a7fc11be66bdfb5cdde611ee5ce381c183da8386?lastModified=1761880412&narHash=sha256-QoJjGd4NstnyOG4mm4KXF%2BweBzA2AH%2F7gn1Pmpfcb0A%3D"
    },
    "go@1.24.10": {
      "last_modified": "2025-11-15T07:28:48Z",
      "resolved": "github:NixOS/nixpkgs/1d4c88323ac36805d09657d13a5273aea1b34f0c#go_1_24",
      "source": "devbox-search",
      "version": "1.24.10",
      "systems": {
        "aarch64-darwin": {
          "outputs": [
            {
              "name": "out",
              "path": "/nix/store/n8xnv5hqbh36mmnm4fa61mhcficn5rgm-go-1.24.10",
              "default": true
            }
          ],
          "store_path": "/nix/store/n8xnv5hqbh36mmnm4fa61mhcficn5rgm-go-1.24.10"
        },
        "aarch64-linux": {
          "outputs": [
            {
              "name": "out",
              "path": "/nix/store/xvzz9k1zf5i6rl0h9w0yczmpq29p16d2-go-1.24.10",
              "default": true
            }
          ],
          "store_path": "/nix/store/xvzz9k1zf5i6rl0h9w0yczmpq29p16d2-go-1.24.10"
        },
        "x86_64-darwin": {
          "outputs": [
            {
              "name": "out",
              "path": "/nix/store/rsfg48pq83pq44wdjpxirxzhl943hhsz-go-1.24.10",
              "default": true
            }
          ],
          "store_path": "/nix/store/rsfg48pq83pq44wdjpxirxzhl943hhsz-go-1.24.10"
        },
        "x86_64-linux": {
          "outputs": [
            {
              "name": "out",
              "path": "/nix/store/5y44qydavgh7z3vxab0h6xhrsvzg47l4-go-1.24.10",
              "default": true
            }
          ],
          "store_path": "/nix/store/5y44qydavgh7z3vxab0h6xhrsvzg47l4-go-1.24.10"
        }
      }
    },
    "sqlc@1.30.0": {
      "last_modified": "2025-10-22T20:59:19Z",
      "resolved": "github:NixOS/nixpkgs/01b6809f7f9d1183a2b3e081f0a1e6f8f415cb09#sqlc",
      "source": "devbox-search",
      "version": "1.30.0",
      "systems": {
        "aarch64-darwin": {
          "outputs": [
            {
              "name": "out",
              "path": "/nix/store/mr94845m3i67f86k6jf2dlsk6xbkn2p8-sqlc-1.30.0",
              "default": true
            }
          ],
          "store_path": "/nix/store/mr94845m3i67f86k6jf2dlsk6xbkn2p8-sqlc-1.30.0"
        },
        "aarch64-linux": {
          "outputs": [
            {
              "name": "out",
              "path": "/nix/store/88rb5r8nigkjdnmrb0z6v4xrqi03qil9-sqlc-1.30.0",
              "default": true
            }
          ],
          "store_path": "/nix/store/88rb5r8nigkjdnmrb0z6v4xrqi03qil9-sqlc-1.30.0"
        },
        "x86_64-darwin": {
          "outputs": [
            {
              "name": "out",
              "path": "/nix/store/cv1pr2f0j3r7hzm8y87n0nzndbr7kaii-sqlc-1.30.0",
              "default": true
            }
          ],
          "store_path": "/nix/store/cv1pr2f0j3r7hzm8y87n0nzndbr7kaii-sqlc-1.30.0"
        },
        "x86_64-linux": {
          "outputs": [
            {
              "name": "out",
              "path": "/nix/store/abanrd679cbcflky1598k2gx4b8m1pcg-sqlc-1.30.0",
              "default": true
            }
          ],
          "store_path": "/nix/store/abanrd679cbcflky1598k2gx4b8m1pcg-sqlc-1.30.0"
        }
      }
    }
  }
}
